
Microsoft Visual Studio Solution File, Format Version 12.00
# Visual Studio 2012
Project("{FAE04EC0-301F-11D3-BF4B-00C04F79EFBC}") = "Array", "Array\Array.csproj", "{0357002C-A7F6-412D-B237-04D129D9E0EF}"
EndProject
Global
	GlobalSection(SolutionConfigurationPlatforms) = preSolution
		Debug|Any CPU = Debug|Any CPU
		Release|Any CPU = Release|Any CPU
	EndGlobalSection
	GlobalSection(ProjectConfigurationPlatforms) = postSolution
		{0357002C-A7F6-412D-B237-04D129D9E0EF}.Debug|Any CPU.ActiveCfg = Debug|Any CPU
		{0357002C-A7F6-412D-B237-04D129D9E0EF}.Debug|Any CPU.Build.0 = Debug|Any CPU
		{0357002C-A7F6-412D-B237-04D129D9E0EF}.Release|Any CPU.ActiveCfg = Release|Any CPU
		{0357002C-A7F6-412D-B237-04D129D9E0EF}.Release|Any CPU.Build.0 = Release|Any CPU
	EndGlobalSection
EndGlobal
