
Microsoft Visual Studio Solution File, Format Version 12.00
# Visual Studio 2012
Project("{FAE04EC0-301F-11D3-BF4B-00C04F79EFBC}") = "ExpressionsAndOperators", "ExpressionsAndOperators\ExpressionsAndOperators.csproj", "{48C2A746-8843-4E47-A038-E6DB84E059BA}"
EndProject
Global
	GlobalSection(SolutionConfigurationPlatforms) = preSolution
		Debug|Any CPU = Debug|Any CPU
		Release|Any CPU = Release|Any CPU
	EndGlobalSection
	GlobalSection(ProjectConfigurationPlatforms) = postSolution
		{48C2A746-8843-4E47-A038-E6DB84E059BA}.Debug|Any CPU.ActiveCfg = Debug|Any CPU
		{48C2A746-8843-4E47-A038-E6DB84E059BA}.Debug|Any CPU.Build.0 = Debug|Any CPU
		{48C2A746-8843-4E47-A038-E6DB84E059BA}.Release|Any CPU.ActiveCfg = Release|Any CPU
		{48C2A746-8843-4E47-A038-E6DB84E059BA}.Release|Any CPU.Build.0 = Release|Any CPU
	EndGlobalSection
EndGlobal
