
Microsoft Visual Studio Solution File, Format Version 12.00
# Visual Studio 2012
Project("{FAE04EC0-301F-11D3-BF4B-00C04F79EFBC}") = "StaticNonStatic", "StaticNonStatic\StaticNonStatic.csproj", "{F27FFE93-7131-4A51-B657-9DB84B3A44D6}"
EndProject
Global
	GlobalSection(SolutionConfigurationPlatforms) = preSolution
		Debug|Any CPU = Debug|Any CPU
		Release|Any CPU = Release|Any CPU
	EndGlobalSection
	GlobalSection(ProjectConfigurationPlatforms) = postSolution
		{F27FFE93-7131-4A51-B657-9DB84B3A44D6}.Debug|Any CPU.ActiveCfg = Debug|Any CPU
		{F27FFE93-7131-4A51-B657-9DB84B3A44D6}.Debug|Any CPU.Build.0 = Debug|Any CPU
		{F27FFE93-7131-4A51-B657-9DB84B3A44D6}.Release|Any CPU.ActiveCfg = Release|Any CPU
		{F27FFE93-7131-4A51-B657-9DB84B3A44D6}.Release|Any CPU.Build.0 = Release|Any CPU
	EndGlobalSection
EndGlobal
