
Microsoft Visual Studio Solution File, Format Version 15.00
# Visual Studio 2017
Project("{FAE04EC0-301F-11D3-BF4B-00C04F79EFBC}") = "NumberGuesser", "NumberGuesser.csproj", "{DDA58B9A-3161-4DFC-B9E7-B8D06A00E4E7}"
EndProject
Global
	GlobalSection(SolutionConfigurationPlatforms) = preSolution
		Debug|Any CPU = Debug|Any CPU
		Release|Any CPU = Release|Any CPU
	EndGlobalSection
	GlobalSection(ProjectConfigurationPlatforms) = postSolution
		{DDA58B9A-3161-4DFC-B9E7-B8D06A00E4E7}.Debug|Any CPU.ActiveCfg = Debug|Any CPU
		{DDA58B9A-3161-4DFC-B9E7-B8D06A00E4E7}.Debug|Any CPU.Build.0 = Debug|Any CPU
		{DDA58B9A-3161-4DFC-B9E7-B8D06A00E4E7}.Release|Any CPU.ActiveCfg = Release|Any CPU
		{DDA58B9A-3161-4DFC-B9E7-B8D06A00E4E7}.Release|Any CPU.Build.0 = Release|Any CPU
	EndGlobalSection
EndGlobal
