
Microsoft Visual Studio Solution File, Format Version 12.00
# Visual Studio 2012
Project("{FAE04EC0-301F-11D3-BF4B-00C04F79EFBC}") = "NumberGuesser", "NumberGuesser\NumberGuesser.csproj", "{389681A0-82AA-4269-9D31-8D216B336258}"
EndProject
Global
	GlobalSection(SolutionConfigurationPlatforms) = preSolution
		Debug|Any CPU = Debug|Any CPU
		Release|Any CPU = Release|Any CPU
	EndGlobalSection
	GlobalSection(ProjectConfigurationPlatforms) = postSolution
		{389681A0-82AA-4269-9D31-8D216B336258}.Debug|Any CPU.ActiveCfg = Debug|Any CPU
		{389681A0-82AA-4269-9D31-8D216B336258}.Debug|Any CPU.Build.0 = Debug|Any CPU
		{389681A0-82AA-4269-9D31-8D216B336258}.Release|Any CPU.ActiveCfg = Release|Any CPU
		{389681A0-82AA-4269-9D31-8D216B336258}.Release|Any CPU.Build.0 = Release|Any CPU
	EndGlobalSection
EndGlobal
